{
  "name": "diet-tracker",
  "lockfileVersion": 3,
  "requires": true,
  "packages": {
    "": {
      "dependencies": {
        "lucide": "1.42.0"
      }
    },
    "node_modules/lucide": {
      "version": "1.42.0",
      "resolved": "https://registry.npmjs.org/lucide/-/lucide-1.42.0.tgz",
      "integrity": "sha512-KLZ517pIUzuXGSFLlDL+5s6pcp4FI7brn4AXrFmRP7ghtxVVJ7/o4d3VejZeLPU127D/jITLs5WTLnH9Dc7VxA==",
      "license": "ISC"
    }
  }
}
